
Microsoft Visual Studio Solution File, Format Version 12.00
# Visual Studio Version 17
VisualStudioVersion = 17.14.36511.14
MinimumVisualStudioVersion = 10.0.40219.1
Project("{FAE04EC0-301F-11D3-BF4B-00C04F79EFBC}") = "Promo_web", "Promo_web\Promo_web.csproj", "{3D24AB04-C34D-4337-8532-9C6152D29A51}"
EndProject
Project("{FAE04EC0-301F-11D3-BF4B-00C04F79EFBC}") = "dominio", "dominio\dominio.csproj", "{3F490AAD-F126-4E77-B562-96343D89E047}"
EndProject
Project("{FAE04EC0-301F-11D3-BF4B-00C04F79EFBC}") = "negocio", "negocio\negocio.csproj", "{4BE1588B-2FDB-4594-B752-6FEAB5379FF7}"
EndProject
Global
	GlobalSection(SolutionConfigurationPlatforms) = preSolution
		Debug|Any CPU = Debug|Any CPU
		Release|Any CPU = Release|Any CPU
	EndGlobalSection
	GlobalSection(ProjectConfigurationPlatforms) = postSolution
		{3D24AB04-C34D-4337-8532-9C6152D29A51}.Debug|Any CPU.ActiveCfg = Debug|Any CPU
		{3D24AB04-C34D-4337-8532-9C6152D29A51}.Debug|Any CPU.Build.0 = Debug|Any CPU
		{3D24AB04-C34D-4337-8532-9C6152D29A51}.Release|Any CPU.ActiveCfg = Release|Any CPU
		{3D24AB04-C34D-4337-8532-9C6152D29A51}.Release|Any CPU.Build.0 = Release|Any CPU
		{3F490AAD-F126-4E77-B562-96343D89E047}.Debug|Any CPU.ActiveCfg = Debug|Any CPU
		{3F490AAD-F126-4E77-B562-96343D89E047}.Debug|Any CPU.Build.0 = Debug|Any CPU
		{3F490AAD-F126-4E77-B562-96343D89E047}.Release|Any CPU.ActiveCfg = Release|Any CPU
		{3F490AAD-F126-4E77-B562-96343D89E047}.Release|Any CPU.Build.0 = Release|Any CPU
		{4BE1588B-2FDB-4594-B752-6FEAB5379FF7}.Debug|Any CPU.ActiveCfg = Debug|Any CPU
		{4BE1588B-2FDB-4594-B752-6FEAB5379FF7}.Debug|Any CPU.Build.0 = Debug|Any CPU
		{4BE1588B-2FDB-4594-B752-6FEAB5379FF7}.Release|Any CPU.ActiveCfg = Release|Any CPU
		{4BE1588B-2FDB-4594-B752-6FEAB5379FF7}.Release|Any CPU.Build.0 = Release|Any CPU
	EndGlobalSection
	GlobalSection(SolutionProperties) = preSolution
		HideSolutionNode = FALSE
	EndGlobalSection
	GlobalSection(ExtensibilityGlobals) = postSolution
		SolutionGuid = {F1BC6F72-2DFD-4588-A223-C8E5C93C6593}
	EndGlobalSection
EndGlobal
